
Microsoft Visual Studio Solution File, Format Version 12.00
# Visual Studio Version 17
VisualStudioVersion = 17.4.33213.308
MinimumVisualStudioVersion = 10.0.40219.1
Project("{FAE04EC0-301F-11D3-BF4B-00C04F79EFBC}") = "interfaaceEx1", "interfaaceEx1.csproj", "{51308806-55FD-455F-84DC-0A78ACD84DB0}"
EndProject
Global
	GlobalSection(SolutionConfigurationPlatforms) = preSolution
		Debug|Any CPU = Debug|Any CPU
		Release|Any CPU = Release|Any CPU
	EndGlobalSection
	GlobalSection(ProjectConfigurationPlatforms) = postSolution
		{51308806-55FD-455F-84DC-0A78ACD84DB0}.Debug|Any CPU.ActiveCfg = Debug|Any CPU
		{51308806-55FD-455F-84DC-0A78ACD84DB0}.Debug|Any CPU.Build.0 = Debug|Any CPU
		{51308806-55FD-455F-84DC-0A78ACD84DB0}.Release|Any CPU.ActiveCfg = Release|Any CPU
		{51308806-55FD-455F-84DC-0A78ACD84DB0}.Release|Any CPU.Build.0 = Release|Any CPU
	EndGlobalSection
	GlobalSection(SolutionProperties) = preSolution
		HideSolutionNode = FALSE
	EndGlobalSection
	GlobalSection(ExtensibilityGlobals) = postSolution
		SolutionGuid = {E6607901-D199-4CA4-8E2A-0CA93CAC0552}
	EndGlobalSection
EndGlobal
